Microsoft Visual Studio Solution File, Format Version 12.00
# Visual Studio Version 17
VisualStudioVersion = 17.5.2.0
MinimumVisualStudioVersion = 10.0.40219.1
Project("{FAE04EC0-301F-11D3-BF4B-00C04F79EFBC}") = "Cadastro_Formulario", "Cadastro_Formulario.csproj", "{88DEDA17-615D-9AA1-07EC-3A833BCDB7F7}"
EndProject
Global
	GlobalSection(SolutionConfigurationPlatforms) = preSolution
		Debug|Any CPU = Debug|Any CPU
		Release|Any CPU = Release|Any CPU
	EndGlobalSection
	GlobalSection(ProjectConfigurationPlatforms) = postSolution
		{88DEDA17-615D-9AA1-07EC-3A833BCDB7F7}.Debug|Any CPU.ActiveCfg = Debug|Any CPU
		{88DEDA17-615D-9AA1-07EC-3A833BCDB7F7}.Debug|Any CPU.Build.0 = Debug|Any CPU
		{88DEDA17-615D-9AA1-07EC-3A833BCDB7F7}.Release|Any CPU.ActiveCfg = Release|Any CPU
		{88DEDA17-615D-9AA1-07EC-3A833BCDB7F7}.Release|Any CPU.Build.0 = Release|Any CPU
	EndGlobalSection
	GlobalSection(SolutionProperties) = preSolution
		HideSolutionNode = FALSE
	EndGlobalSection
	GlobalSection(ExtensibilityGlobals) = postSolution
		SolutionGuid = {BCE3A001-C24A-4619-8F7C-D834D40993D6}
	EndGlobalSection
EndGlobal
